{
    "version": 3,
    "terraform_version": "0.11.7",
    "serial": 4,
    "lineage": "248f5906-4f34-7908-2c33-dea4b0e968df",
    "modules": [
        {
            "path": [
                "root"
            ],
            "outputs": {},
            "resources": {
                "aws_s3_bucket.loggingBucket": {
                    "type": "aws_s3_bucket",
                    "depends_on": [],
                    "primary": {
                        "id": "terraform-logging-bucket-20180602191431489500000001",
                        "attributes": {
                            "acceleration_status": "",
                            "acl": "private",
                            "arn": "arn:aws:s3:::terraform-logging-bucket-20180602191431489500000001",
                            "bucket": "terraform-logging-bucket-20180602191431489500000001",
                            "bucket_domain_name": "terraform-logging-bucket-20180602191431489500000001.s3.amazonaws.com",
                            "bucket_prefix": "terraform-logging-bucket-",
                            "force_destroy": "false",
                            "hosted_zone_id": "Z3AQBSTGFYJSTF",
                            "id": "terraform-logging-bucket-20180602191431489500000001",
                            "logging.#": "0",
                            "region": "us-east-1",
                            "replication_configuration.#": "0",
                            "request_payer": "BucketOwner",
                            "server_side_encryption_configuration.#": "0",
                            "tags.%": "0",
                            "versioning.#": "1",
                            "versioning.0.enabled": "false",
                            "versioning.0.mfa_delete": "false",
                            "website.#": "0"
                        },
                        "meta": {},
                        "tainted": false
                    },
                    "deposed": [],
                    "provider": "provider.aws"
                },
                "aws_s3_bucket_notification.notification": {
                    "type": "aws_s3_bucket_notification",
                    "depends_on": [
                        "aws_s3_bucket.loggingBucket",
                        "aws_sqs_queue.logQueue"
                    ],
                    "primary": {
                        "id": "terraform-logging-bucket-20180602191431489500000001",
                        "attributes": {
                            "bucket": "terraform-logging-bucket-20180602191431489500000001",
                            "id": "terraform-logging-bucket-20180602191431489500000001",
                            "lambda_function.#": "0",
                            "queue.#": "1",
                            "queue.0.events.#": "1",
                            "queue.0.events.3356830603": "s3:ObjectCreated:*",
                            "queue.0.filter_prefix": "",
                            "queue.0.filter_suffix": "",
                            "queue.0.id": "tf-s3-queue-20180602191453721800000002",
                            "queue.0.queue_arn": "arn:aws:sqs:us-east-1:251013100663:terraform-logging-queue",
                            "topic.#": "0"
                        },
                        "meta": {},
                        "tainted": false
                    },
                    "deposed": [],
                    "provider": "provider.aws"
                },
                "aws_sqs_queue.logQueue": {
                    "type": "aws_sqs_queue",
                    "depends_on": [
                        "aws_s3_bucket.loggingBucket",
                        "aws_sqs_queue.loggingDeadLetterQueue"
                    ],
                    "primary": {
                        "id": "https://sqs.us-east-1.amazonaws.com/251013100663/terraform-logging-queue",
                        "attributes": {
                            "arn": "arn:aws:sqs:us-east-1:251013100663:terraform-logging-queue",
                            "content_based_deduplication": "false",
                            "delay_seconds": "0",
                            "fifo_queue": "false",
                            "id": "https://sqs.us-east-1.amazonaws.com/251013100663/terraform-logging-queue",
                            "max_message_size": "262144",
                            "message_retention_seconds": "345600",
                            "name": "terraform-logging-queue",
                            "policy": "{\"Version\":\"2012-10-17\",\"Statement\":[{\"Effect\":\"Allow\",\"Principal\":\"*\",\"Action\":\"sqs:SendMessage\",\"Resource\":\"arn:aws:sqs:*:*:terraform-logging-queue\",\"Condition\":{\"ArnEquals\":{\"aws:SourceArn\":\"arn:aws:s3:::terraform-logging-bucket-20180602191431489500000001\"}}}]}",
                            "receive_wait_time_seconds": "0",
                            "redrive_policy": "{\"deadLetterTargetArn\":\"arn:aws:sqs:us-east-1:251013100663:terraform-logging-dead-letter-queue\",\"maxReceiveCount\":5}",
                            "tags.%": "0",
                            "visibility_timeout_seconds": "600"
                        },
                        "meta": {},
                        "tainted": false
                    },
                    "deposed": [],
                    "provider": "provider.aws"
                },
                "aws_sqs_queue.loggingDeadLetterQueue": {
                    "type": "aws_sqs_queue",
                    "depends_on": [],
                    "primary": {
                        "id": "https://sqs.us-east-1.amazonaws.com/251013100663/terraform-logging-dead-letter-queue",
                        "attributes": {
                            "arn": "arn:aws:sqs:us-east-1:251013100663:terraform-logging-dead-letter-queue",
                            "content_based_deduplication": "false",
                            "delay_seconds": "0",
                            "fifo_queue": "false",
                            "id": "https://sqs.us-east-1.amazonaws.com/251013100663/terraform-logging-dead-letter-queue",
                            "max_message_size": "262144",
                            "message_retention_seconds": "345600",
                            "name": "terraform-logging-dead-letter-queue",
                            "receive_wait_time_seconds": "0",
                            "tags.%": "0",
                            "visibility_timeout_seconds": "30"
                        },
                        "meta": {},
                        "tainted": false
                    },
                    "deposed": [],
                    "provider": "provider.aws"
                }
            },
            "depends_on": []
        }
    ]
}
